
Microsoft Visual Studio Solution File, Format Version 12.00
# Visual Studio Version 16
VisualStudioVersion = 16.0.30320.27
MinimumVisualStudioVersion = 15.0.26124.0
Project("{9A19103F-16F7-4668-BE54-9A1E7A4F7556}") = "API", "API\API.csproj", "{3D2A529A-8984-40CC-B72F-D0B3704DA599}"
EndProject
Project("{9A19103F-16F7-4668-BE54-9A1E7A4F7556}") = "Core", "Core\Core.csproj", "{7B260555-C2E7-4314-9975-A347456DE49B}"
EndProject
Project("{9A19103F-16F7-4668-BE54-9A1E7A4F7556}") = "Infrastructure", "Infrastructure\Infrastructure.csproj", "{02467086-55A3-4A1A-823D-4891952D75ED}"
EndProject
Global
	GlobalSection(SolutionConfigurationPlatforms) = preSolution
		Debug|Any CPU = Debug|Any CPU
		Debug|x64 = Debug|x64
		Debug|x86 = Debug|x86
		Release|Any CPU = Release|Any CPU
		Release|x64 = Release|x64
		Release|x86 = Release|x86
	EndGlobalSection
	GlobalSection(ProjectConfigurationPlatforms) = postSolution
		{3D2A529A-8984-40CC-B72F-D0B3704DA599}.Debug|Any CPU.ActiveCfg = Debug|Any CPU
		{3D2A529A-8984-40CC-B72F-D0B3704DA599}.Debug|Any CPU.Build.0 = Debug|Any CPU
		{3D2A529A-8984-40CC-B72F-D0B3704DA599}.Debug|x64.ActiveCfg = Debug|Any CPU
		{3D2A529A-8984-40CC-B72F-D0B3704DA599}.Debug|x64.Build.0 = Debug|Any CPU
		{3D2A529A-8984-40CC-B72F-D0B3704DA599}.Debug|x86.ActiveCfg = Debug|Any CPU
		{3D2A529A-8984-40CC-B72F-D0B3704DA599}.Debug|x86.Build.0 = Debug|Any CPU
		{3D2A529A-8984-40CC-B72F-D0B3704DA599}.Release|Any CPU.ActiveCfg = Release|Any CPU
		{3D2A529A-8984-40CC-B72F-D0B3704DA599}.Release|Any CPU.Build.0 = Release|Any CPU
		{3D2A529A-8984-40CC-B72F-D0B3704DA599}.Release|x64.ActiveCfg = Release|Any CPU
		{3D2A529A-8984-40CC-B72F-D0B3704DA599}.Release|x64.Build.0 = Release|Any CPU
		{3D2A529A-8984-40CC-B72F-D0B3704DA599}.Release|x86.ActiveCfg = Release|Any CPU
		{3D2A529A-8984-40CC-B72F-D0B3704DA599}.Release|x86.Build.0 = Release|Any CPU
		{7B260555-C2E7-4314-9975-A347456DE49B}.Debug|Any CPU.ActiveCfg = Debug|Any CPU
		{7B260555-C2E7-4314-9975-A347456DE49B}.Debug|Any CPU.Build.0 = Debug|Any CPU
		{7B260555-C2E7-4314-9975-A347456DE49B}.Debug|x64.ActiveCfg = Debug|Any CPU
		{7B260555-C2E7-4314-9975-A347456DE49B}.Debug|x64.Build.0 = Debug|Any CPU
		{7B260555-C2E7-4314-9975-A347456DE49B}.Debug|x86.ActiveCfg = Debug|Any CPU
		{7B260555-C2E7-4314-9975-A347456DE49B}.Debug|x86.Build.0 = Debug|Any CPU
		{7B260555-C2E7-4314-9975-A347456DE49B}.Release|Any CPU.ActiveCfg = Release|Any CPU
		{7B260555-C2E7-4314-9975-A347456DE49B}.Release|Any CPU.Build.0 = Release|Any CPU
		{7B260555-C2E7-4314-9975-A347456DE49B}.Release|x64.ActiveCfg = Release|Any CPU
		{7B260555-C2E7-4314-9975-A347456DE49B}.Release|x64.Build.0 = Release|Any CPU
		{7B260555-C2E7-4314-9975-A347456DE49B}.Release|x86.ActiveCfg = Release|Any CPU
		{7B260555-C2E7-4314-9975-A347456DE49B}.Release|x86.Build.0 = Release|Any CPU
		{02467086-55A3-4A1A-823D-4891952D75ED}.Debug|Any CPU.ActiveCfg = Debug|Any CPU
		{02467086-55A3-4A1A-823D-4891952D75ED}.Debug|Any CPU.Build.0 = Debug|Any CPU
		{02467086-55A3-4A1A-823D-4891952D75ED}.Debug|x64.ActiveCfg = Debug|Any CPU
		{02467086-55A3-4A1A-823D-4891952D75ED}.Debug|x64.Build.0 = Debug|Any CPU
		{02467086-55A3-4A1A-823D-4891952D75ED}.Debug|x86.ActiveCfg = Debug|Any CPU
		{02467086-55A3-4A1A-823D-4891952D75ED}.Debug|x86.Build.0 = Debug|Any CPU
		{02467086-55A3-4A1A-823D-4891952D75ED}.Release|Any CPU.ActiveCfg = Release|Any CPU
		{02467086-55A3-4A1A-823D-4891952D75ED}.Release|Any CPU.Build.0 = Release|Any CPU
		{02467086-55A3-4A1A-823D-4891952D75ED}.Release|x64.ActiveCfg = Release|Any CPU
		{02467086-55A3-4A1A-823D-4891952D75ED}.Release|x64.Build.0 = Release|Any CPU
		{02467086-55A3-4A1A-823D-4891952D75ED}.Release|x86.ActiveCfg = Release|Any CPU
		{02467086-55A3-4A1A-823D-4891952D75ED}.Release|x86.Build.0 = Release|Any CPU
	EndGlobalSection
	GlobalSection(SolutionProperties) = preSolution
		HideSolutionNode = FALSE
	EndGlobalSection
	GlobalSection(ExtensibilityGlobals) = postSolution
		SolutionGuid = {1CD09044-9499-4A1E-8630-BA46BD82AC87}
	EndGlobalSection
EndGlobal
